
Microsoft Visual Studio Solution File, Format Version 12.00
# Visual Studio Version 17
VisualStudioVersion = 17.11.35219.272
MinimumVisualStudioVersion = 10.0.40219.1
Project("{2150E333-8FDC-42A3-9474-1A3956D46DE8}") = "src", "src", "{B3D4BF57-8B50-4152-9A4C-07B21728BE32}"
EndProject
Project("{2150E333-8FDC-42A3-9474-1A3956D46DE8}") = "Application", "Application", "{CF9F5C36-936C-4805-A9F4-AF75DDC63F93}"
EndProject
Project("{2150E333-8FDC-42A3-9474-1A3956D46DE8}") = "Domain", "Domain", "{E932BC02-A3CA-43CB-9E36-DB91E163BC6B}"
EndProject
Project("{2150E333-8FDC-42A3-9474-1A3956D46DE8}") = "Infrasctructure", "Infrasctructure", "{494F1A42-347F-42C5-BADE-FEA3ACD5CA71}"
EndProject
Project("{9A19103F-16F7-4668-BE54-9A1E7A4F7556}") = "Interfaces", "Interfaces\Interfaces.csproj", "{690654DF-135C-4F24-AFD8-9D2EF1BAFEFA}"
EndProject
Project("{9A19103F-16F7-4668-BE54-9A1E7A4F7556}") = "Services", "Services\Services.csproj", "{B02355B1-7F8B-4F58-A861-D68E00A2E425}"
EndProject
Project("{9A19103F-16F7-4668-BE54-9A1E7A4F7556}") = "Entities", "Entities\Entities.csproj", "{4BFCDAA4-9E52-4976-8C36-D8BCB9589312}"
EndProject
Project("{9A19103F-16F7-4668-BE54-9A1E7A4F7556}") = "Mongo", "Mongo\Mongo.csproj", "{39CEBA89-05F1-4164-9308-E5E618A9B1C2}"
EndProject
Project("{9A19103F-16F7-4668-BE54-9A1E7A4F7556}") = "SQL", "SQL\SQL.csproj", "{DC59FB09-CF08-4BCB-B7F3-36DEC14F95F1}"
EndProject
Project("{2150E333-8FDC-42A3-9474-1A3956D46DE8}") = "Tests", "Tests", "{CB4B115E-3A90-420C-8FE0-F1450C38A5B8}"
EndProject
Project("{9A19103F-16F7-4668-BE54-9A1E7A4F7556}") = "WebAPI", "WebAPI\WebAPI.csproj", "{164E3BD7-40B8-4376-AE9A-457E92EBE393}"
EndProject
Project("{9A19103F-16F7-4668-BE54-9A1E7A4F7556}") = "DTOs", "DTOs\DTOs.csproj", "{9C127E19-BD44-424A-9CA3-C25EEFF2F1E7}"
EndProject
Project("{9A19103F-16F7-4668-BE54-9A1E7A4F7556}") = "Mappers", "Mappers\Mappers.csproj", "{88C53433-6544-494C-89FB-93751E85F84E}"
EndProject
Project("{FAE04EC0-301F-11D3-BF4B-00C04F79EFBC}") = "Repository", "Repository\Repository.csproj", "{BE562107-528B-44B7-A3D5-4884894293CD}"
EndProject
Global
	GlobalSection(SolutionConfigurationPlatforms) = preSolution
		Debug|Any CPU = Debug|Any CPU
		Release|Any CPU = Release|Any CPU
	EndGlobalSection
	GlobalSection(ProjectConfigurationPlatforms) = postSolution
		{690654DF-135C-4F24-AFD8-9D2EF1BAFEFA}.Debug|Any CPU.ActiveCfg = Debug|Any CPU
		{690654DF-135C-4F24-AFD8-9D2EF1BAFEFA}.Debug|Any CPU.Build.0 = Debug|Any CPU
		{690654DF-135C-4F24-AFD8-9D2EF1BAFEFA}.Release|Any CPU.ActiveCfg = Release|Any CPU
		{690654DF-135C-4F24-AFD8-9D2EF1BAFEFA}.Release|Any CPU.Build.0 = Release|Any CPU
		{B02355B1-7F8B-4F58-A861-D68E00A2E425}.Debug|Any CPU.ActiveCfg = Debug|Any CPU
		{B02355B1-7F8B-4F58-A861-D68E00A2E425}.Debug|Any CPU.Build.0 = Debug|Any CPU
		{B02355B1-7F8B-4F58-A861-D68E00A2E425}.Release|Any CPU.ActiveCfg = Release|Any CPU
		{B02355B1-7F8B-4F58-A861-D68E00A2E425}.Release|Any CPU.Build.0 = Release|Any CPU
		{4BFCDAA4-9E52-4976-8C36-D8BCB9589312}.Debug|Any CPU.ActiveCfg = Debug|Any CPU
		{4BFCDAA4-9E52-4976-8C36-D8BCB9589312}.Debug|Any CPU.Build.0 = Debug|Any CPU
		{4BFCDAA4-9E52-4976-8C36-D8BCB9589312}.Release|Any CPU.ActiveCfg = Release|Any CPU
		{4BFCDAA4-9E52-4976-8C36-D8BCB9589312}.Release|Any CPU.Build.0 = Release|Any CPU
		{39CEBA89-05F1-4164-9308-E5E618A9B1C2}.Debug|Any CPU.ActiveCfg = Debug|Any CPU
		{39CEBA89-05F1-4164-9308-E5E618A9B1C2}.Debug|Any CPU.Build.0 = Debug|Any CPU
		{39CEBA89-05F1-4164-9308-E5E618A9B1C2}.Release|Any CPU.ActiveCfg = Release|Any CPU
		{39CEBA89-05F1-4164-9308-E5E618A9B1C2}.Release|Any CPU.Build.0 = Release|Any CPU
		{DC59FB09-CF08-4BCB-B7F3-36DEC14F95F1}.Debug|Any CPU.ActiveCfg = Debug|Any CPU
		{DC59FB09-CF08-4BCB-B7F3-36DEC14F95F1}.Debug|Any CPU.Build.0 = Debug|Any CPU
		{DC59FB09-CF08-4BCB-B7F3-36DEC14F95F1}.Release|Any CPU.ActiveCfg = Release|Any CPU
		{DC59FB09-CF08-4BCB-B7F3-36DEC14F95F1}.Release|Any CPU.Build.0 = Release|Any CPU
		{164E3BD7-40B8-4376-AE9A-457E92EBE393}.Debug|Any CPU.ActiveCfg = Debug|Any CPU
		{164E3BD7-40B8-4376-AE9A-457E92EBE393}.Debug|Any CPU.Build.0 = Debug|Any CPU
		{164E3BD7-40B8-4376-AE9A-457E92EBE393}.Release|Any CPU.ActiveCfg = Release|Any CPU
		{164E3BD7-40B8-4376-AE9A-457E92EBE393}.Release|Any CPU.Build.0 = Release|Any CPU
		{9C127E19-BD44-424A-9CA3-C25EEFF2F1E7}.Debug|Any CPU.ActiveCfg = Debug|Any CPU
		{9C127E19-BD44-424A-9CA3-C25EEFF2F1E7}.Debug|Any CPU.Build.0 = Debug|Any CPU
		{9C127E19-BD44-424A-9CA3-C25EEFF2F1E7}.Release|Any CPU.ActiveCfg = Release|Any CPU
		{9C127E19-BD44-424A-9CA3-C25EEFF2F1E7}.Release|Any CPU.Build.0 = Release|Any CPU
		{88C53433-6544-494C-89FB-93751E85F84E}.Debug|Any CPU.ActiveCfg = Debug|Any CPU
		{88C53433-6544-494C-89FB-93751E85F84E}.Debug|Any CPU.Build.0 = Debug|Any CPU
		{88C53433-6544-494C-89FB-93751E85F84E}.Release|Any CPU.ActiveCfg = Release|Any CPU
		{88C53433-6544-494C-89FB-93751E85F84E}.Release|Any CPU.Build.0 = Release|Any CPU
		{BE562107-528B-44B7-A3D5-4884894293CD}.Debug|Any CPU.ActiveCfg = Debug|Any CPU
		{BE562107-528B-44B7-A3D5-4884894293CD}.Debug|Any CPU.Build.0 = Debug|Any CPU
		{BE562107-528B-44B7-A3D5-4884894293CD}.Release|Any CPU.ActiveCfg = Release|Any CPU
		{BE562107-528B-44B7-A3D5-4884894293CD}.Release|Any CPU.Build.0 = Release|Any CPU
	EndGlobalSection
	GlobalSection(SolutionProperties) = preSolution
		HideSolutionNode = FALSE
	EndGlobalSection
	GlobalSection(NestedProjects) = preSolution
		{CF9F5C36-936C-4805-A9F4-AF75DDC63F93} = {B3D4BF57-8B50-4152-9A4C-07B21728BE32}
		{E932BC02-A3CA-43CB-9E36-DB91E163BC6B} = {B3D4BF57-8B50-4152-9A4C-07B21728BE32}
		{494F1A42-347F-42C5-BADE-FEA3ACD5CA71} = {B3D4BF57-8B50-4152-9A4C-07B21728BE32}
		{690654DF-135C-4F24-AFD8-9D2EF1BAFEFA} = {CF9F5C36-936C-4805-A9F4-AF75DDC63F93}
		{B02355B1-7F8B-4F58-A861-D68E00A2E425} = {CF9F5C36-936C-4805-A9F4-AF75DDC63F93}
		{4BFCDAA4-9E52-4976-8C36-D8BCB9589312} = {E932BC02-A3CA-43CB-9E36-DB91E163BC6B}
		{39CEBA89-05F1-4164-9308-E5E618A9B1C2} = {494F1A42-347F-42C5-BADE-FEA3ACD5CA71}
		{DC59FB09-CF08-4BCB-B7F3-36DEC14F95F1} = {494F1A42-347F-42C5-BADE-FEA3ACD5CA71}
		{CB4B115E-3A90-420C-8FE0-F1450C38A5B8} = {B3D4BF57-8B50-4152-9A4C-07B21728BE32}
		{9C127E19-BD44-424A-9CA3-C25EEFF2F1E7} = {E932BC02-A3CA-43CB-9E36-DB91E163BC6B}
		{88C53433-6544-494C-89FB-93751E85F84E} = {CF9F5C36-936C-4805-A9F4-AF75DDC63F93}
		{BE562107-528B-44B7-A3D5-4884894293CD} = {E932BC02-A3CA-43CB-9E36-DB91E163BC6B}
	EndGlobalSection
	GlobalSection(ExtensibilityGlobals) = postSolution
		SolutionGuid = {FCA66E23-B343-4FB3-A17B-DA273E7243C5}
	EndGlobalSection
EndGlobal
